
Microsoft Visual Studio Solution File, Format Version 12.00
# Visual Studio Version 17
VisualStudioVersion = 17.12.35506.116
MinimumVisualStudioVersion = 10.0.40219.1
Project("{9A19103F-16F7-4668-BE54-9A1E7A4F7556}") = "BattleCats.Api", "BattleCats.Api\BattleCats.Api.csproj", "{E72F84E2-3DF3-4766-907C-1F8773C797E6}"
EndProject
Project("{9A19103F-16F7-4668-BE54-9A1E7A4F7556}") = "BattleCats.BusinessLogic", "BattleCats.BusinessLogic\BattleCats.BusinessLogic.csproj", "{BE69B47C-3FD8-4DC8-8C4D-581A14DE613B}"
EndProject
Project("{9A19103F-16F7-4668-BE54-9A1E7A4F7556}") = "BattleCats.DataAccess", "BattleCats.DataAccess\BattleCats.DataAccess.csproj", "{238E9500-A49B-48F7-B82A-B066E8132A32}"
EndProject
Project("{9A19103F-16F7-4668-BE54-9A1E7A4F7556}") = "BattleCats.Domains", "BattleCats.Domains\BattleCats.Domains.csproj", "{DE21BE34-5B9F-441F-94D2-9139BB74C64D}"
EndProject
Global
	GlobalSection(SolutionConfigurationPlatforms) = preSolution
		Debug|Any CPU = Debug|Any CPU
		Release|Any CPU = Release|Any CPU
	EndGlobalSection
	GlobalSection(ProjectConfigurationPlatforms) = postSolution
		{E72F84E2-3DF3-4766-907C-1F8773C797E6}.Debug|Any CPU.ActiveCfg = Debug|Any CPU
		{E72F84E2-3DF3-4766-907C-1F8773C797E6}.Debug|Any CPU.Build.0 = Debug|Any CPU
		{E72F84E2-3DF3-4766-907C-1F8773C797E6}.Release|Any CPU.ActiveCfg = Release|Any CPU
		{E72F84E2-3DF3-4766-907C-1F8773C797E6}.Release|Any CPU.Build.0 = Release|Any CPU
		{BE69B47C-3FD8-4DC8-8C4D-581A14DE613B}.Debug|Any CPU.ActiveCfg = Debug|Any CPU
		{BE69B47C-3FD8-4DC8-8C4D-581A14DE613B}.Debug|Any CPU.Build.0 = Debug|Any CPU
		{BE69B47C-3FD8-4DC8-8C4D-581A14DE613B}.Release|Any CPU.ActiveCfg = Release|Any CPU
		{BE69B47C-3FD8-4DC8-8C4D-581A14DE613B}.Release|Any CPU.Build.0 = Release|Any CPU
		{238E9500-A49B-48F7-B82A-B066E8132A32}.Debug|Any CPU.ActiveCfg = Debug|Any CPU
		{238E9500-A49B-48F7-B82A-B066E8132A32}.Debug|Any CPU.Build.0 = Debug|Any CPU
		{238E9500-A49B-48F7-B82A-B066E8132A32}.Release|Any CPU.ActiveCfg = Release|Any CPU
		{238E9500-A49B-48F7-B82A-B066E8132A32}.Release|Any CPU.Build.0 = Release|Any CPU
		{DE21BE34-5B9F-441F-94D2-9139BB74C64D}.Debug|Any CPU.ActiveCfg = Debug|Any CPU
		{DE21BE34-5B9F-441F-94D2-9139BB74C64D}.Debug|Any CPU.Build.0 = Debug|Any CPU
		{DE21BE34-5B9F-441F-94D2-9139BB74C64D}.Release|Any CPU.ActiveCfg = Release|Any CPU
		{DE21BE34-5B9F-441F-94D2-9139BB74C64D}.Release|Any CPU.Build.0 = Release|Any CPU
	EndGlobalSection
	GlobalSection(SolutionProperties) = preSolution
		HideSolutionNode = FALSE
	EndGlobalSection
	GlobalSection(ExtensibilityGlobals) = postSolution
		SolutionGuid = {B928FD3C-B4E1-4299-B34B-35904906D1C7}
	EndGlobalSection
EndGlobal
